
Microsoft Visual Studio Solution File, Format Version 12.00
# Visual Studio Version 17
VisualStudioVersion = 17.11.35303.130
MinimumVisualStudioVersion = 10.0.40219.1
Project("{FAE04EC0-301F-11D3-BF4B-00C04F79EFBC}") = "Bai01", "Bai01.csproj", "{455E1730-5EB3-40BB-9E79-019D1B7211DC}"
EndProject
Global
	GlobalSection(SolutionConfigurationPlatforms) = preSolution
		Debug|Any CPU = Debug|Any CPU
		Release|Any CPU = Release|Any CPU
	EndGlobalSection
	GlobalSection(ProjectConfigurationPlatforms) = postSolution
		{455E1730-5EB3-40BB-9E79-019D1B7211DC}.Debug|Any CPU.ActiveCfg = Debug|Any CPU
		{455E1730-5EB3-40BB-9E79-019D1B7211DC}.Debug|Any CPU.Build.0 = Debug|Any CPU
		{455E1730-5EB3-40BB-9E79-019D1B7211DC}.Release|Any CPU.ActiveCfg = Release|Any CPU
		{455E1730-5EB3-40BB-9E79-019D1B7211DC}.Release|Any CPU.Build.0 = Release|Any CPU
	EndGlobalSection
	GlobalSection(SolutionProperties) = preSolution
		HideSolutionNode = FALSE
	EndGlobalSection
	GlobalSection(ExtensibilityGlobals) = postSolution
		SolutionGuid = {7B555CC1-F047-4A73-80A5-E3A2366EC22C}
	EndGlobalSection
EndGlobal
