
Microsoft Visual Studio Solution File, Format Version 12.00
# Visual Studio Version 17
VisualStudioVersion = 17.11.35303.130
MinimumVisualStudioVersion = 10.0.40219.1
Project("{FAE04EC0-301F-11D3-BF4B-00C04F79EFBC}") = "Bai02", "Bai02.csproj", "{34DBDCDF-C094-48BA-85AC-0ADFC8850B85}"
EndProject
Global
	GlobalSection(SolutionConfigurationPlatforms) = preSolution
		Debug|Any CPU = Debug|Any CPU
		Release|Any CPU = Release|Any CPU
	EndGlobalSection
	GlobalSection(ProjectConfigurationPlatforms) = postSolution
		{34DBDCDF-C094-48BA-85AC-0ADFC8850B85}.Debug|Any CPU.ActiveCfg = Debug|Any CPU
		{34DBDCDF-C094-48BA-85AC-0ADFC8850B85}.Debug|Any CPU.Build.0 = Debug|Any CPU
		{34DBDCDF-C094-48BA-85AC-0ADFC8850B85}.Release|Any CPU.ActiveCfg = Release|Any CPU
		{34DBDCDF-C094-48BA-85AC-0ADFC8850B85}.Release|Any CPU.Build.0 = Release|Any CPU
	EndGlobalSection
	GlobalSection(SolutionProperties) = preSolution
		HideSolutionNode = FALSE
	EndGlobalSection
	GlobalSection(ExtensibilityGlobals) = postSolution
		SolutionGuid = {026F425B-8403-4553-8CB4-FF0A19720FF4}
	EndGlobalSection
EndGlobal
